
Microsoft Visual Studio Solution File, Format Version 12.00
# Visual Studio 15
VisualStudioVersion = 15.0.28307.168
MinimumVisualStudioVersion = 10.0.40219.1
Project("{FAE04EC0-301F-11D3-BF4B-00C04F79EFBC}") = "ArmA Converter", "ArmA Converter\ArmA Converter.csproj", "{855EAC94-964F-4936-A22F-9C9F62ACE31D}"
EndProject
Project("{FAE04EC0-301F-11D3-BF4B-00C04F79EFBC}") = "ArmA Converter GUI", "ArmA Converter GUI\ArmA Converter GUI.csproj", "{7BCF91A1-5FF9-4AF1-9CCD-7C074481DF0D}"
EndProject
Project("{FAE04EC0-301F-11D3-BF4B-00C04F79EFBC}") = "ArmA Converter CMD", "ArmA Converter CMD\ArmA Converter CMD.csproj", "{845AAD78-CE76-43C8-A06E-1FA3A3CEA9EE}"
EndProject
Global
	GlobalSection(SolutionConfigurationPlatforms) = preSolution
		Debug|Any CPU = Debug|Any CPU
		Release|Any CPU = Release|Any CPU
	EndGlobalSection
	GlobalSection(ProjectConfigurationPlatforms) = postSolution
		{855EAC94-964F-4936-A22F-9C9F62ACE31D}.Debug|Any CPU.ActiveCfg = Debug|Any CPU
		{855EAC94-964F-4936-A22F-9C9F62ACE31D}.Debug|Any CPU.Build.0 = Debug|Any CPU
		{855EAC94-964F-4936-A22F-9C9F62ACE31D}.Release|Any CPU.ActiveCfg = Release|Any CPU
		{855EAC94-964F-4936-A22F-9C9F62ACE31D}.Release|Any CPU.Build.0 = Release|Any CPU
		{7BCF91A1-5FF9-4AF1-9CCD-7C074481DF0D}.Debug|Any CPU.ActiveCfg = Debug|Any CPU
		{7BCF91A1-5FF9-4AF1-9CCD-7C074481DF0D}.Debug|Any CPU.Build.0 = Debug|Any CPU
		{7BCF91A1-5FF9-4AF1-9CCD-7C074481DF0D}.Release|Any CPU.ActiveCfg = Release|Any CPU
		{7BCF91A1-5FF9-4AF1-9CCD-7C074481DF0D}.Release|Any CPU.Build.0 = Release|Any CPU
		{845AAD78-CE76-43C8-A06E-1FA3A3CEA9EE}.Debug|Any CPU.ActiveCfg = Debug|Any CPU
		{845AAD78-CE76-43C8-A06E-1FA3A3CEA9EE}.Debug|Any CPU.Build.0 = Debug|Any CPU
		{845AAD78-CE76-43C8-A06E-1FA3A3CEA9EE}.Release|Any CPU.ActiveCfg = Release|Any CPU
		{845AAD78-CE76-43C8-A06E-1FA3A3CEA9EE}.Release|Any CPU.Build.0 = Release|Any CPU
	EndGlobalSection
	GlobalSection(SolutionProperties) = preSolution
		HideSolutionNode = FALSE
	EndGlobalSection
	GlobalSection(ExtensibilityGlobals) = postSolution
		SolutionGuid = {7643720D-0505-47C3-B00B-48284E3B7AAF}
	EndGlobalSection
EndGlobal
